
Microsoft Visual Studio Solution File, Format Version 12.00
# Visual Studio Version 16
VisualStudioVersion = 16.0.32126.315
MinimumVisualStudioVersion = 10.0.40219.1
Project("{8BC9CEB8-8B4A-11D0-8D11-00A0C91BC942}") = "BlueSea", "BlueSea\BlueSea.vcxproj", "{BB13A808-1BAD-4F2C-A174-4CF1845B1AEE}"
EndProject
Global
	GlobalSection(SolutionConfigurationPlatforms) = preSolution
		Debug|x64 = Debug|x64
		Debug|x86 = Debug|x86
		Release|x64 = Release|x64
		Release|x86 = Release|x86
	EndGlobalSection
	GlobalSection(ProjectConfigurationPlatforms) = postSolution
		{BB13A808-1BAD-4F2C-A174-4CF1845B1AEE}.Debug|x64.ActiveCfg = Debug|x64
		{BB13A808-1BAD-4F2C-A174-4CF1845B1AEE}.Debug|x64.Build.0 = Debug|x64
		{BB13A808-1BAD-4F2C-A174-4CF1845B1AEE}.Debug|x86.ActiveCfg = Debug|Win32
		{BB13A808-1BAD-4F2C-A174-4CF1845B1AEE}.Debug|x86.Build.0 = Debug|Win32
		{BB13A808-1BAD-4F2C-A174-4CF1845B1AEE}.Release|x64.ActiveCfg = Release|x64
		{BB13A808-1BAD-4F2C-A174-4CF1845B1AEE}.Release|x64.Build.0 = Release|x64
		{BB13A808-1BAD-4F2C-A174-4CF1845B1AEE}.Release|x86.ActiveCfg = Release|Win32
		{BB13A808-1BAD-4F2C-A174-4CF1845B1AEE}.Release|x86.Build.0 = Release|Win32
	EndGlobalSection
	GlobalSection(SolutionProperties) = preSolution
		HideSolutionNode = FALSE
	EndGlobalSection
	GlobalSection(ExtensibilityGlobals) = postSolution
		SolutionGuid = {E3B78E08-92FD-474B-A713-87EBB64962F9}
	EndGlobalSection
EndGlobal
